
Microsoft Visual Studio Solution File, Format Version 12.00
# Visual Studio Version 16
VisualStudioVersion = 16.0.30011.22
MinimumVisualStudioVersion = 10.0.40219.1
Project("{9A19103F-16F7-4668-BE54-9A1E7A4F7556}") = "News.WebApplication", "News.WebApplication\News.WebApplication.csproj", "{96DA9360-BB5C-47B9-A3E5-9F027652A802}"
	ProjectSection(ProjectDependencies) = postProject
		{47978494-586B-4E14-85CC-ABA3E8D27AFF} = {47978494-586B-4E14-85CC-ABA3E8D27AFF}
	EndProjectSection
EndProject
Project("{9A19103F-16F7-4668-BE54-9A1E7A4F7556}") = "News.Models", "News.Models\News.Models.csproj", "{47978494-586B-4E14-85CC-ABA3E8D27AFF}"
EndProject
Project("{9A19103F-16F7-4668-BE54-9A1E7A4F7556}") = "News.Services", "News.Services\News.Services.csproj", "{67ACBC9D-A536-4DEC-A0BC-0B0FC57C4CA3}"
EndProject
Project("{9A19103F-16F7-4668-BE54-9A1E7A4F7556}") = "News.Utilities", "News.Utilities\News.Utilities.csproj", "{28702B9C-A4AE-428C-BA2B-6F4EAC7F4AEB}"
EndProject
Global
	GlobalSection(SolutionConfigurationPlatforms) = preSolution
		Debug|Any CPU = Debug|Any CPU
		Release|Any CPU = Release|Any CPU
	EndGlobalSection
	GlobalSection(ProjectConfigurationPlatforms) = postSolution
		{96DA9360-BB5C-47B9-A3E5-9F027652A802}.Debug|Any CPU.ActiveCfg = Debug|Any CPU
		{96DA9360-BB5C-47B9-A3E5-9F027652A802}.Debug|Any CPU.Build.0 = Debug|Any CPU
		{96DA9360-BB5C-47B9-A3E5-9F027652A802}.Release|Any CPU.ActiveCfg = Release|Any CPU
		{96DA9360-BB5C-47B9-A3E5-9F027652A802}.Release|Any CPU.Build.0 = Release|Any CPU
		{47978494-586B-4E14-85CC-ABA3E8D27AFF}.Debug|Any CPU.ActiveCfg = Debug|Any CPU
		{47978494-586B-4E14-85CC-ABA3E8D27AFF}.Debug|Any CPU.Build.0 = Debug|Any CPU
		{47978494-586B-4E14-85CC-ABA3E8D27AFF}.Release|Any CPU.ActiveCfg = Release|Any CPU
		{47978494-586B-4E14-85CC-ABA3E8D27AFF}.Release|Any CPU.Build.0 = Release|Any CPU
		{67ACBC9D-A536-4DEC-A0BC-0B0FC57C4CA3}.Debug|Any CPU.ActiveCfg = Debug|Any CPU
		{67ACBC9D-A536-4DEC-A0BC-0B0FC57C4CA3}.Debug|Any CPU.Build.0 = Debug|Any CPU
		{67ACBC9D-A536-4DEC-A0BC-0B0FC57C4CA3}.Release|Any CPU.ActiveCfg = Release|Any CPU
		{67ACBC9D-A536-4DEC-A0BC-0B0FC57C4CA3}.Release|Any CPU.Build.0 = Release|Any CPU
		{28702B9C-A4AE-428C-BA2B-6F4EAC7F4AEB}.Debug|Any CPU.ActiveCfg = Debug|Any CPU
		{28702B9C-A4AE-428C-BA2B-6F4EAC7F4AEB}.Debug|Any CPU.Build.0 = Debug|Any CPU
		{28702B9C-A4AE-428C-BA2B-6F4EAC7F4AEB}.Release|Any CPU.ActiveCfg = Release|Any CPU
		{28702B9C-A4AE-428C-BA2B-6F4EAC7F4AEB}.Release|Any CPU.Build.0 = Release|Any CPU
	EndGlobalSection
	GlobalSection(SolutionProperties) = preSolution
		HideSolutionNode = FALSE
	EndGlobalSection
	GlobalSection(ExtensibilityGlobals) = postSolution
		SolutionGuid = {4ACA4F74-CF30-4D06-B277-A14A78F46FC0}
	EndGlobalSection
EndGlobal
